
Microsoft Visual Studio Solution File, Format Version 12.00
# Visual Studio Version 17
VisualStudioVersion = 17.13.36105.23
MinimumVisualStudioVersion = 10.0.40219.1
Project("{FAE04EC0-301F-11D3-BF4B-00C04F79EFBC}") = "FirstProject", "FirstProject\FirstProject.csproj", "{4DAF049F-4016-49B2-ACE3-8DF4A7A28439}"
EndProject
Project("{FAE04EC0-301F-11D3-BF4B-00C04F79EFBC}") = "SecondProject", "SecondProject\SecondProject.csproj", "{F8FCC693-0587-43E4-B84E-538F9BB3193B}"
EndProject
Project("{FAE04EC0-301F-11D3-BF4B-00C04F79EFBC}") = "FirstDegree", "FirstDegree\FirstDegree.csproj", "{2CED0450-70E6-4656-9FB0-2B4CBC4A496C}"
EndProject
Project("{FAE04EC0-301F-11D3-BF4B-00C04F79EFBC}") = "SecondDregree", "SecondDregree\SecondDregree.csproj", "{C47047FB-B91E-4B9A-94EB-FE6184B0E8BB}"
EndProject
Project("{FAE04EC0-301F-11D3-BF4B-00C04F79EFBC}") = "NewInteraction", "NewInteraction\NewInteraction.csproj", "{A46742D0-A47E-4BC8-8293-821C9CE2371D}"
EndProject
Project("{FAE04EC0-301F-11D3-BF4B-00C04F79EFBC}") = "SimpleMath", "SimpleMath\SimpleMath.csproj", "{053E03F5-6282-4F6F-97D0-074860D9398B}"
EndProject
Project("{FAE04EC0-301F-11D3-BF4B-00C04F79EFBC}") = "RefAndOutSample", "RefAndOutSample\RefAndOutSample.csproj", "{E80638AF-DDBF-41DC-A997-61B1EB011388}"
EndProject
Project("{FAE04EC0-301F-11D3-BF4B-00C04F79EFBC}") = "TryParseSample", "TryParrseSample\TryParseSample.csproj", "{0E351A76-BACB-4C61-A580-9F8A71E4C42B}"
EndProject
Project("{FAE04EC0-301F-11D3-BF4B-00C04F79EFBC}") = "paramSample", "paramSample\paramSample.csproj", "{1150A9AD-CD6E-45E7-83AA-DD0C77E428F6}"
EndProject
Project("{FAE04EC0-301F-11D3-BF4B-00C04F79EFBC}") = "TuplesSample", "TuplesSample\TuplesSample.csproj", "{9727465C-81DC-401C-BC33-A8F45F859DE3}"
EndProject
Project("{FAE04EC0-301F-11D3-BF4B-00C04F79EFBC}") = "NestedLoop_Sort", "NestedLoop_Sort\NestedLoop_Sort.csproj", "{55C229B1-7A88-4F30-850B-CB6307A73CB4}"
EndProject
Project("{FAE04EC0-301F-11D3-BF4B-00C04F79EFBC}") = "DecreaseSort", "DecreaseSort\DecreaseSort.csproj", "{EEA6FAE4-3D25-40A4-A528-AED34427A512}"
EndProject
Project("{2150E333-8FDC-42A3-9474-1A3956D46DE8}") = "Solution Items", "Solution Items", "{02EA681E-C7D8-13C7-8484-4AC65E1B71E8}"
	ProjectSection(SolutionItems) = preProject
		.editorconfig = .editorconfig
	EndProjectSection
EndProject
Project("{FAE04EC0-301F-11D3-BF4B-00C04F79EFBC}") = "NestedLoopShape", "NestedLoopShape\NestedLoopShape.csproj", "{10CC3CE5-91A4-4B19-88FA-DFDD8FA208EC}"
EndProject
Project("{FAE04EC0-301F-11D3-BF4B-00C04F79EFBC}") = "OOP1", "OOP1\OOP1.csproj", "{2FED4565-1DBE-44CB-8A70-59E805D62A45}"
EndProject
Project("{FAE04EC0-301F-11D3-BF4B-00C04F79EFBC}") = "OOP2", "OOP2\OOP2.csproj", "{DF13DF0F-A142-4686-9491-F6E7A0BA3812}"
EndProject
Project("{FAE04EC0-301F-11D3-BF4B-00C04F79EFBC}") = "OOP3_ExtensionMethod", "OOP3_ExtensionMethod\OOP3_ExtensionMethod.csproj", "{3821C10B-DB2A-4C49-AA80-4FB8BEEA43D4}"
EndProject
Project("{FAE04EC0-301F-11D3-BF4B-00C04F79EFBC}") = "OOP4_Reuse_OOP2", "OOP4_Reuse_OOP2\OOP4_Reuse_OOP2.csproj", "{DAB22DA9-5E38-4F7C-80EC-867F6048B17F}"
EndProject
Project("{FAE04EC0-301F-11D3-BF4B-00C04F79EFBC}") = "OOP5_Generic_List", "OOP5_Generic_List\OOP5_Generic_List.csproj", "{BF593FA0-FDEF-4B3E-ACCA-31C14F07E70F}"
EndProject
Project("{FAE04EC0-301F-11D3-BF4B-00C04F79EFBC}") = "OOP6_Dictionary", "OOP6_Dictionary\OOP6_Dictionary.csproj", "{D73F289B-FE72-40E5-8CEC-385723169D0A}"
EndProject
Project("{2150E333-8FDC-42A3-9474-1A3956D46DE8}") = "Chapter5", "Chapter5", "{BC24E55E-7408-4D92-BC01-EE88B60DCA0E}"
EndProject
Project("{FAE04EC0-301F-11D3-BF4B-00C04F79EFBC}") = "BuilderPattern", "BuilderPattern\BuilderPattern.csproj", "{044DE341-433F-5702-4D82-2BB3FD3832E3}"
EndProject
Project("{FAE04EC0-301F-11D3-BF4B-00C04F79EFBC}") = "FactoriesPattern", "FactoriesPattern\FactoriesPattern.csproj", "{15ADFCBE-9B56-7B0A-7AE5-771D29B1F4C9}"
EndProject
Project("{FAE04EC0-301F-11D3-BF4B-00C04F79EFBC}") = "PrototypePattern", "PrototypePattern\PrototypePattern.csproj", "{92C92FD4-253A-352A-CA1D-8ACA5E5F3868}"
EndProject
Project("{FAE04EC0-301F-11D3-BF4B-00C04F79EFBC}") = "SingletonPattern", "SingletonPattern\SingletonPattern.csproj", "{FABC0CC8-7E79-3D9B-8D56-17C4207BB104}"
EndProject
Project("{FAE04EC0-301F-11D3-BF4B-00C04F79EFBC}") = "ObserverPattern", "ObserverPattern\ObserverPattern.csproj", "{FEBF851F-917B-C45E-D2B8-7873FE9FDB40}"
EndProject
Project("{FAE04EC0-301F-11D3-BF4B-00C04F79EFBC}") = "DemoAliasClone", "DemoAliasClone\DemoAliasClone.csproj", "{0909A32F-9FB6-414A-AFBC-C68F14DA8DE1}"
EndProject
Project("{FAE04EC0-301F-11D3-BF4B-00C04F79EFBC}") = "DemoElegate", "DemoElegate\DemoElegate.csproj", "{A7223E26-7F65-48D3-9165-E628070E3373}"
EndProject
Project("{FAE04EC0-301F-11D3-BF4B-00C04F79EFBC}") = "DemoLINQ2Object", "DemoLINQ2Object\DemoLINQ2Object.csproj", "{DCB14F88-D69B-4BA7-90C3-76ADEACD27E8}"
EndProject
Project("{FAE04EC0-301F-11D3-BF4B-00C04F79EFBC}") = "DemoLINQ2ObjectModelClass", "DemoLINQ2ObjectModelClass\DemoLINQ2ObjectModelClass.csproj", "{C68916FA-6C35-49A0-9757-4AD0B34440E6}"
EndProject
Project("{FAE04EC0-301F-11D3-BF4B-00C04F79EFBC}") = "DemoLINQ2SQL", "DemoLINQ2SQL\DemoLINQ2SQL.csproj", "{3E8198B0-D974-4254-A8EF-B916801F018E}"
EndProject
Project("{FAE04EC0-301F-11D3-BF4B-00C04F79EFBC}") = "Lucy_SalesDataManagement", "LucySalesDataManagements\Lucy_SalesDataManagement.csproj", "{B97AEB1A-AB57-48CA-BE22-E58AEB41DBC8}"
EndProject
Project("{2150E333-8FDC-42A3-9474-1A3956D46DE8}") = "Chapter7", "Chapter7", "{83940C54-C029-457F-9F50-2FC3609BF2BC}"
EndProject
Project("{FAE04EC0-301F-11D3-BF4B-00C04F79EFBC}") = "HellloWpfApp", "HellloWpfApp\HellloWpfApp.csproj", "{4631A90A-9A04-42D4-8980-05F8D34C8449}"
EndProject
Project("{FAE04EC0-301F-11D3-BF4B-00C04F79EFBC}") = "ButtonControl_TongHop", "BaiTap1\ButtonControl_TongHop.csproj", "{F35BF8D0-65AC-4D41-8A03-9848CF33672D}"
EndProject
Project("{FAE04EC0-301F-11D3-BF4B-00C04F79EFBC}") = "ListWpf", "ListWpf\ListWpf.csproj", "{E4B75CB6-3C2B-49A0-92A9-6D029E84E233}"
EndProject
Project("{FAE04EC0-301F-11D3-BF4B-00C04F79EFBC}") = "CheckBoxControlEvent", "CheckBoxControlEvent\CheckBoxControlEvent.csproj", "{B39C09E9-3AC2-45F4-A6EF-648A99473001}"
EndProject
Project("{FAE04EC0-301F-11D3-BF4B-00C04F79EFBC}") = "RadioButton", "RadioButton\RadioButton.csproj", "{AA98AB7E-BCF5-4394-9C21-3C92E6EF5B61}"
EndProject
Project("{2150E333-8FDC-42A3-9474-1A3956D46DE8}") = "Chapter7_MultiTier", "Chapter7_MultiTier", "{C05001E5-7925-40B5-A2E5-9C8A870A0F25}"
EndProject
Project("{FAE04EC0-301F-11D3-BF4B-00C04F79EFBC}") = "BusinessObjects", "BusinessObject\BusinessObjects.csproj", "{7D519C29-70D4-4351-BF3D-7CBFB926B8C5}"
EndProject
Project("{FAE04EC0-301F-11D3-BF4B-00C04F79EFBC}") = "DataAccessLayer", "DataAcessLayer\DataAccessLayer.csproj", "{31B61C24-3835-47A1-97C3-8F3F8BEF5FD2}"
EndProject
Project("{FAE04EC0-301F-11D3-BF4B-00C04F79EFBC}") = "Repositories", "Repositories\Repositories.csproj", "{4E69E4A6-07D9-4460-8620-D7F4A2827F63}"
EndProject
Project("{FAE04EC0-301F-11D3-BF4B-00C04F79EFBC}") = "Services", "Services\Services.csproj", "{9BE4FB1B-217D-4859-A905-54EE49EC42F3}"
EndProject
Project("{FAE04EC0-301F-11D3-BF4B-00C04F79EFBC}") = "WpfApp", "WpfApp\WpfApp.csproj", "{6F25A059-9A62-4D62-851E-A13878A7D853}"
EndProject
Project("{2150E333-8FDC-42A3-9474-1A3956D46DE8}") = "Chapter7_TreeView", "Chapter7_TreeView", "{EB24A253-4808-4CBF-87DC-B391A4A22565}"
EndProject
Project("{FAE04EC0-301F-11D3-BF4B-00C04F79EFBC}") = "TreeViewWpfApp", "TreeViewWpfApp\TreeViewWpfApp.csproj", "{7761E1DB-5C6C-4353-9E2A-CD479AF5EEE7}"
EndProject
Project("{2150E333-8FDC-42A3-9474-1A3956D46DE8}") = "Chapter 8", "Chapter 8", "{B3CA8FEF-C0FE-418B-A32B-E1C3D1591B18}"
EndProject
Project("{FAE04EC0-301F-11D3-BF4B-00C04F79EFBC}") = "MyStoreWFPApp_EntityFramework", "MyStoreWFPApp_EntityFramework\MyStoreWFPApp_EntityFramework.csproj", "{D9E21A22-285F-4092-B255-544607B358C4}"
EndProject
Global
	GlobalSection(SolutionConfigurationPlatforms) = preSolution
		Debug|Any CPU = Debug|Any CPU
		Release|Any CPU = Release|Any CPU
	EndGlobalSection
	GlobalSection(ProjectConfigurationPlatforms) = postSolution
		{4DAF049F-4016-49B2-ACE3-8DF4A7A28439}.Debug|Any CPU.ActiveCfg = Debug|Any CPU
		{4DAF049F-4016-49B2-ACE3-8DF4A7A28439}.Debug|Any CPU.Build.0 = Debug|Any CPU
		{4DAF049F-4016-49B2-ACE3-8DF4A7A28439}.Release|Any CPU.ActiveCfg = Release|Any CPU
		{4DAF049F-4016-49B2-ACE3-8DF4A7A28439}.Release|Any CPU.Build.0 = Release|Any CPU
		{F8FCC693-0587-43E4-B84E-538F9BB3193B}.Debug|Any CPU.ActiveCfg = Debug|Any CPU
		{F8FCC693-0587-43E4-B84E-538F9BB3193B}.Debug|Any CPU.Build.0 = Debug|Any CPU
		{F8FCC693-0587-43E4-B84E-538F9BB3193B}.Release|Any CPU.ActiveCfg = Release|Any CPU
		{F8FCC693-0587-43E4-B84E-538F9BB3193B}.Release|Any CPU.Build.0 = Release|Any CPU
		{2CED0450-70E6-4656-9FB0-2B4CBC4A496C}.Debug|Any CPU.ActiveCfg = Debug|Any CPU
		{2CED0450-70E6-4656-9FB0-2B4CBC4A496C}.Debug|Any CPU.Build.0 = Debug|Any CPU
		{2CED0450-70E6-4656-9FB0-2B4CBC4A496C}.Release|Any CPU.ActiveCfg = Release|Any CPU
		{2CED0450-70E6-4656-9FB0-2B4CBC4A496C}.Release|Any CPU.Build.0 = Release|Any CPU
		{C47047FB-B91E-4B9A-94EB-FE6184B0E8BB}.Debug|Any CPU.ActiveCfg = Debug|Any CPU
		{C47047FB-B91E-4B9A-94EB-FE6184B0E8BB}.Debug|Any CPU.Build.0 = Debug|Any CPU
		{C47047FB-B91E-4B9A-94EB-FE6184B0E8BB}.Release|Any CPU.ActiveCfg = Release|Any CPU
		{C47047FB-B91E-4B9A-94EB-FE6184B0E8BB}.Release|Any CPU.Build.0 = Release|Any CPU
		{A46742D0-A47E-4BC8-8293-821C9CE2371D}.Debug|Any CPU.ActiveCfg = Debug|Any CPU
		{A46742D0-A47E-4BC8-8293-821C9CE2371D}.Debug|Any CPU.Build.0 = Debug|Any CPU
		{A46742D0-A47E-4BC8-8293-821C9CE2371D}.Release|Any CPU.ActiveCfg = Release|Any CPU
		{A46742D0-A47E-4BC8-8293-821C9CE2371D}.Release|Any CPU.Build.0 = Release|Any CPU
		{053E03F5-6282-4F6F-97D0-074860D9398B}.Debug|Any CPU.ActiveCfg = Debug|Any CPU
		{053E03F5-6282-4F6F-97D0-074860D9398B}.Debug|Any CPU.Build.0 = Debug|Any CPU
		{053E03F5-6282-4F6F-97D0-074860D9398B}.Release|Any CPU.ActiveCfg = Release|Any CPU
		{053E03F5-6282-4F6F-97D0-074860D9398B}.Release|Any CPU.Build.0 = Release|Any CPU
		{E80638AF-DDBF-41DC-A997-61B1EB011388}.Debug|Any CPU.ActiveCfg = Debug|Any CPU
		{E80638AF-DDBF-41DC-A997-61B1EB011388}.Debug|Any CPU.Build.0 = Debug|Any CPU
		{E80638AF-DDBF-41DC-A997-61B1EB011388}.Release|Any CPU.ActiveCfg = Release|Any CPU
		{E80638AF-DDBF-41DC-A997-61B1EB011388}.Release|Any CPU.Build.0 = Release|Any CPU
		{0E351A76-BACB-4C61-A580-9F8A71E4C42B}.Debug|Any CPU.ActiveCfg = Debug|Any CPU
		{0E351A76-BACB-4C61-A580-9F8A71E4C42B}.Debug|Any CPU.Build.0 = Debug|Any CPU
		{0E351A76-BACB-4C61-A580-9F8A71E4C42B}.Release|Any CPU.ActiveCfg = Release|Any CPU
		{0E351A76-BACB-4C61-A580-9F8A71E4C42B}.Release|Any CPU.Build.0 = Release|Any CPU
		{1150A9AD-CD6E-45E7-83AA-DD0C77E428F6}.Debug|Any CPU.ActiveCfg = Debug|Any CPU
		{1150A9AD-CD6E-45E7-83AA-DD0C77E428F6}.Debug|Any CPU.Build.0 = Debug|Any CPU
		{1150A9AD-CD6E-45E7-83AA-DD0C77E428F6}.Release|Any CPU.ActiveCfg = Release|Any CPU
		{1150A9AD-CD6E-45E7-83AA-DD0C77E428F6}.Release|Any CPU.Build.0 = Release|Any CPU
		{9727465C-81DC-401C-BC33-A8F45F859DE3}.Debug|Any CPU.ActiveCfg = Debug|Any CPU
		{9727465C-81DC-401C-BC33-A8F45F859DE3}.Debug|Any CPU.Build.0 = Debug|Any CPU
		{9727465C-81DC-401C-BC33-A8F45F859DE3}.Release|Any CPU.ActiveCfg = Release|Any CPU
		{9727465C-81DC-401C-BC33-A8F45F859DE3}.Release|Any CPU.Build.0 = Release|Any CPU
		{55C229B1-7A88-4F30-850B-CB6307A73CB4}.Debug|Any CPU.ActiveCfg = Debug|Any CPU
		{55C229B1-7A88-4F30-850B-CB6307A73CB4}.Debug|Any CPU.Build.0 = Debug|Any CPU
		{55C229B1-7A88-4F30-850B-CB6307A73CB4}.Release|Any CPU.ActiveCfg = Release|Any CPU
		{55C229B1-7A88-4F30-850B-CB6307A73CB4}.Release|Any CPU.Build.0 = Release|Any CPU
		{EEA6FAE4-3D25-40A4-A528-AED34427A512}.Debug|Any CPU.ActiveCfg = Debug|Any CPU
		{EEA6FAE4-3D25-40A4-A528-AED34427A512}.Debug|Any CPU.Build.0 = Debug|Any CPU
		{EEA6FAE4-3D25-40A4-A528-AED34427A512}.Release|Any CPU.ActiveCfg = Release|Any CPU
		{EEA6FAE4-3D25-40A4-A528-AED34427A512}.Release|Any CPU.Build.0 = Release|Any CPU
		{10CC3CE5-91A4-4B19-88FA-DFDD8FA208EC}.Debug|Any CPU.ActiveCfg = Debug|Any CPU
		{10CC3CE5-91A4-4B19-88FA-DFDD8FA208EC}.Debug|Any CPU.Build.0 = Debug|Any CPU
		{10CC3CE5-91A4-4B19-88FA-DFDD8FA208EC}.Release|Any CPU.ActiveCfg = Release|Any CPU
		{10CC3CE5-91A4-4B19-88FA-DFDD8FA208EC}.Release|Any CPU.Build.0 = Release|Any CPU
		{2FED4565-1DBE-44CB-8A70-59E805D62A45}.Debug|Any CPU.ActiveCfg = Debug|Any CPU
		{2FED4565-1DBE-44CB-8A70-59E805D62A45}.Debug|Any CPU.Build.0 = Debug|Any CPU
		{2FED4565-1DBE-44CB-8A70-59E805D62A45}.Release|Any CPU.ActiveCfg = Release|Any CPU
		{2FED4565-1DBE-44CB-8A70-59E805D62A45}.Release|Any CPU.Build.0 = Release|Any CPU
		{DF13DF0F-A142-4686-9491-F6E7A0BA3812}.Debug|Any CPU.ActiveCfg = Debug|Any CPU
		{DF13DF0F-A142-4686-9491-F6E7A0BA3812}.Debug|Any CPU.Build.0 = Debug|Any CPU
		{DF13DF0F-A142-4686-9491-F6E7A0BA3812}.Release|Any CPU.ActiveCfg = Release|Any CPU
		{DF13DF0F-A142-4686-9491-F6E7A0BA3812}.Release|Any CPU.Build.0 = Release|Any CPU
		{3821C10B-DB2A-4C49-AA80-4FB8BEEA43D4}.Debug|Any CPU.ActiveCfg = Debug|Any CPU
		{3821C10B-DB2A-4C49-AA80-4FB8BEEA43D4}.Debug|Any CPU.Build.0 = Debug|Any CPU
		{3821C10B-DB2A-4C49-AA80-4FB8BEEA43D4}.Release|Any CPU.ActiveCfg = Release|Any CPU
		{3821C10B-DB2A-4C49-AA80-4FB8BEEA43D4}.Release|Any CPU.Build.0 = Release|Any CPU
		{DAB22DA9-5E38-4F7C-80EC-867F6048B17F}.Debug|Any CPU.ActiveCfg = Debug|Any CPU
		{DAB22DA9-5E38-4F7C-80EC-867F6048B17F}.Debug|Any CPU.Build.0 = Debug|Any CPU
		{DAB22DA9-5E38-4F7C-80EC-867F6048B17F}.Release|Any CPU.ActiveCfg = Release|Any CPU
		{DAB22DA9-5E38-4F7C-80EC-867F6048B17F}.Release|Any CPU.Build.0 = Release|Any CPU
		{BF593FA0-FDEF-4B3E-ACCA-31C14F07E70F}.Debug|Any CPU.ActiveCfg = Debug|Any CPU
		{BF593FA0-FDEF-4B3E-ACCA-31C14F07E70F}.Debug|Any CPU.Build.0 = Debug|Any CPU
		{BF593FA0-FDEF-4B3E-ACCA-31C14F07E70F}.Release|Any CPU.ActiveCfg = Release|Any CPU
		{BF593FA0-FDEF-4B3E-ACCA-31C14F07E70F}.Release|Any CPU.Build.0 = Release|Any CPU
		{D73F289B-FE72-40E5-8CEC-385723169D0A}.Debug|Any CPU.ActiveCfg = Debug|Any CPU
		{D73F289B-FE72-40E5-8CEC-385723169D0A}.Debug|Any CPU.Build.0 = Debug|Any CPU
		{D73F289B-FE72-40E5-8CEC-385723169D0A}.Release|Any CPU.ActiveCfg = Release|Any CPU
		{D73F289B-FE72-40E5-8CEC-385723169D0A}.Release|Any CPU.Build.0 = Release|Any CPU
		{044DE341-433F-5702-4D82-2BB3FD3832E3}.Debug|Any CPU.ActiveCfg = Debug|Any CPU
		{044DE341-433F-5702-4D82-2BB3FD3832E3}.Debug|Any CPU.Build.0 = Debug|Any CPU
		{044DE341-433F-5702-4D82-2BB3FD3832E3}.Release|Any CPU.ActiveCfg = Release|Any CPU
		{044DE341-433F-5702-4D82-2BB3FD3832E3}.Release|Any CPU.Build.0 = Release|Any CPU
		{15ADFCBE-9B56-7B0A-7AE5-771D29B1F4C9}.Debug|Any CPU.ActiveCfg = Debug|Any CPU
		{15ADFCBE-9B56-7B0A-7AE5-771D29B1F4C9}.Debug|Any CPU.Build.0 = Debug|Any CPU
		{15ADFCBE-9B56-7B0A-7AE5-771D29B1F4C9}.Release|Any CPU.ActiveCfg = Release|Any CPU
		{15ADFCBE-9B56-7B0A-7AE5-771D29B1F4C9}.Release|Any CPU.Build.0 = Release|Any CPU
		{92C92FD4-253A-352A-CA1D-8ACA5E5F3868}.Debug|Any CPU.ActiveCfg = Debug|Any CPU
		{92C92FD4-253A-352A-CA1D-8ACA5E5F3868}.Debug|Any CPU.Build.0 = Debug|Any CPU
		{92C92FD4-253A-352A-CA1D-8ACA5E5F3868}.Release|Any CPU.ActiveCfg = Release|Any CPU
		{92C92FD4-253A-352A-CA1D-8ACA5E5F3868}.Release|Any CPU.Build.0 = Release|Any CPU
		{FABC0CC8-7E79-3D9B-8D56-17C4207BB104}.Debug|Any CPU.ActiveCfg = Debug|Any CPU
		{FABC0CC8-7E79-3D9B-8D56-17C4207BB104}.Debug|Any CPU.Build.0 = Debug|Any CPU
		{FABC0CC8-7E79-3D9B-8D56-17C4207BB104}.Release|Any CPU.ActiveCfg = Release|Any CPU
		{FABC0CC8-7E79-3D9B-8D56-17C4207BB104}.Release|Any CPU.Build.0 = Release|Any CPU
		{FEBF851F-917B-C45E-D2B8-7873FE9FDB40}.Debug|Any CPU.ActiveCfg = Debug|Any CPU
		{FEBF851F-917B-C45E-D2B8-7873FE9FDB40}.Debug|Any CPU.Build.0 = Debug|Any CPU
		{FEBF851F-917B-C45E-D2B8-7873FE9FDB40}.Release|Any CPU.ActiveCfg = Release|Any CPU
		{FEBF851F-917B-C45E-D2B8-7873FE9FDB40}.Release|Any CPU.Build.0 = Release|Any CPU
		{0909A32F-9FB6-414A-AFBC-C68F14DA8DE1}.Debug|Any CPU.ActiveCfg = Debug|Any CPU
		{0909A32F-9FB6-414A-AFBC-C68F14DA8DE1}.Debug|Any CPU.Build.0 = Debug|Any CPU
		{0909A32F-9FB6-414A-AFBC-C68F14DA8DE1}.Release|Any CPU.ActiveCfg = Release|Any CPU
		{0909A32F-9FB6-414A-AFBC-C68F14DA8DE1}.Release|Any CPU.Build.0 = Release|Any CPU
		{A7223E26-7F65-48D3-9165-E628070E3373}.Debug|Any CPU.ActiveCfg = Debug|Any CPU
		{A7223E26-7F65-48D3-9165-E628070E3373}.Debug|Any CPU.Build.0 = Debug|Any CPU
		{A7223E26-7F65-48D3-9165-E628070E3373}.Release|Any CPU.ActiveCfg = Release|Any CPU
		{A7223E26-7F65-48D3-9165-E628070E3373}.Release|Any CPU.Build.0 = Release|Any CPU
		{DCB14F88-D69B-4BA7-90C3-76ADEACD27E8}.Debug|Any CPU.ActiveCfg = Debug|Any CPU
		{DCB14F88-D69B-4BA7-90C3-76ADEACD27E8}.Debug|Any CPU.Build.0 = Debug|Any CPU
		{DCB14F88-D69B-4BA7-90C3-76ADEACD27E8}.Release|Any CPU.ActiveCfg = Release|Any CPU
		{DCB14F88-D69B-4BA7-90C3-76ADEACD27E8}.Release|Any CPU.Build.0 = Release|Any CPU
		{C68916FA-6C35-49A0-9757-4AD0B34440E6}.Debug|Any CPU.ActiveCfg = Debug|Any CPU
		{C68916FA-6C35-49A0-9757-4AD0B34440E6}.Debug|Any CPU.Build.0 = Debug|Any CPU
		{C68916FA-6C35-49A0-9757-4AD0B34440E6}.Release|Any CPU.ActiveCfg = Release|Any CPU
		{C68916FA-6C35-49A0-9757-4AD0B34440E6}.Release|Any CPU.Build.0 = Release|Any CPU
		{3E8198B0-D974-4254-A8EF-B916801F018E}.Debug|Any CPU.ActiveCfg = Debug|Any CPU
		{3E8198B0-D974-4254-A8EF-B916801F018E}.Debug|Any CPU.Build.0 = Debug|Any CPU
		{3E8198B0-D974-4254-A8EF-B916801F018E}.Release|Any CPU.ActiveCfg = Release|Any CPU
		{3E8198B0-D974-4254-A8EF-B916801F018E}.Release|Any CPU.Build.0 = Release|Any CPU
		{B97AEB1A-AB57-48CA-BE22-E58AEB41DBC8}.Debug|Any CPU.ActiveCfg = Debug|Any CPU
		{B97AEB1A-AB57-48CA-BE22-E58AEB41DBC8}.Debug|Any CPU.Build.0 = Debug|Any CPU
		{B97AEB1A-AB57-48CA-BE22-E58AEB41DBC8}.Release|Any CPU.ActiveCfg = Release|Any CPU
		{B97AEB1A-AB57-48CA-BE22-E58AEB41DBC8}.Release|Any CPU.Build.0 = Release|Any CPU
		{4631A90A-9A04-42D4-8980-05F8D34C8449}.Debug|Any CPU.ActiveCfg = Debug|Any CPU
		{4631A90A-9A04-42D4-8980-05F8D34C8449}.Debug|Any CPU.Build.0 = Debug|Any CPU
		{4631A90A-9A04-42D4-8980-05F8D34C8449}.Release|Any CPU.ActiveCfg = Release|Any CPU
		{4631A90A-9A04-42D4-8980-05F8D34C8449}.Release|Any CPU.Build.0 = Release|Any CPU
		{F35BF8D0-65AC-4D41-8A03-9848CF33672D}.Debug|Any CPU.ActiveCfg = Debug|Any CPU
		{F35BF8D0-65AC-4D41-8A03-9848CF33672D}.Debug|Any CPU.Build.0 = Debug|Any CPU
		{F35BF8D0-65AC-4D41-8A03-9848CF33672D}.Release|Any CPU.ActiveCfg = Release|Any CPU
		{F35BF8D0-65AC-4D41-8A03-9848CF33672D}.Release|Any CPU.Build.0 = Release|Any CPU
		{E4B75CB6-3C2B-49A0-92A9-6D029E84E233}.Debug|Any CPU.ActiveCfg = Debug|Any CPU
		{E4B75CB6-3C2B-49A0-92A9-6D029E84E233}.Debug|Any CPU.Build.0 = Debug|Any CPU
		{E4B75CB6-3C2B-49A0-92A9-6D029E84E233}.Release|Any CPU.ActiveCfg = Release|Any CPU
		{E4B75CB6-3C2B-49A0-92A9-6D029E84E233}.Release|Any CPU.Build.0 = Release|Any CPU
		{B39C09E9-3AC2-45F4-A6EF-648A99473001}.Debug|Any CPU.ActiveCfg = Debug|Any CPU
		{B39C09E9-3AC2-45F4-A6EF-648A99473001}.Debug|Any CPU.Build.0 = Debug|Any CPU
		{B39C09E9-3AC2-45F4-A6EF-648A99473001}.Release|Any CPU.ActiveCfg = Release|Any CPU
		{B39C09E9-3AC2-45F4-A6EF-648A99473001}.Release|Any CPU.Build.0 = Release|Any CPU
		{AA98AB7E-BCF5-4394-9C21-3C92E6EF5B61}.Debug|Any CPU.ActiveCfg = Debug|Any CPU
		{AA98AB7E-BCF5-4394-9C21-3C92E6EF5B61}.Debug|Any CPU.Build.0 = Debug|Any CPU
		{AA98AB7E-BCF5-4394-9C21-3C92E6EF5B61}.Release|Any CPU.ActiveCfg = Release|Any CPU
		{AA98AB7E-BCF5-4394-9C21-3C92E6EF5B61}.Release|Any CPU.Build.0 = Release|Any CPU
		{7D519C29-70D4-4351-BF3D-7CBFB926B8C5}.Debug|Any CPU.ActiveCfg = Debug|Any CPU
		{7D519C29-70D4-4351-BF3D-7CBFB926B8C5}.Debug|Any CPU.Build.0 = Debug|Any CPU
		{7D519C29-70D4-4351-BF3D-7CBFB926B8C5}.Release|Any CPU.ActiveCfg = Release|Any CPU
		{7D519C29-70D4-4351-BF3D-7CBFB926B8C5}.Release|Any CPU.Build.0 = Release|Any CPU
		{31B61C24-3835-47A1-97C3-8F3F8BEF5FD2}.Debug|Any CPU.ActiveCfg = Debug|Any CPU
		{31B61C24-3835-47A1-97C3-8F3F8BEF5FD2}.Debug|Any CPU.Build.0 = Debug|Any CPU
		{31B61C24-3835-47A1-97C3-8F3F8BEF5FD2}.Release|Any CPU.ActiveCfg = Release|Any CPU
		{31B61C24-3835-47A1-97C3-8F3F8BEF5FD2}.Release|Any CPU.Build.0 = Release|Any CPU
		{4E69E4A6-07D9-4460-8620-D7F4A2827F63}.Debug|Any CPU.ActiveCfg = Debug|Any CPU
		{4E69E4A6-07D9-4460-8620-D7F4A2827F63}.Debug|Any CPU.Build.0 = Debug|Any CPU
		{4E69E4A6-07D9-4460-8620-D7F4A2827F63}.Release|Any CPU.ActiveCfg = Release|Any CPU
		{4E69E4A6-07D9-4460-8620-D7F4A2827F63}.Release|Any CPU.Build.0 = Release|Any CPU
		{9BE4FB1B-217D-4859-A905-54EE49EC42F3}.Debug|Any CPU.ActiveCfg = Debug|Any CPU
		{9BE4FB1B-217D-4859-A905-54EE49EC42F3}.Debug|Any CPU.Build.0 = Debug|Any CPU
		{9BE4FB1B-217D-4859-A905-54EE49EC42F3}.Release|Any CPU.ActiveCfg = Release|Any CPU
		{9BE4FB1B-217D-4859-A905-54EE49EC42F3}.Release|Any CPU.Build.0 = Release|Any CPU
		{6F25A059-9A62-4D62-851E-A13878A7D853}.Debug|Any CPU.ActiveCfg = Debug|Any CPU
		{6F25A059-9A62-4D62-851E-A13878A7D853}.Debug|Any CPU.Build.0 = Debug|Any CPU
		{6F25A059-9A62-4D62-851E-A13878A7D853}.Release|Any CPU.ActiveCfg = Release|Any CPU
		{6F25A059-9A62-4D62-851E-A13878A7D853}.Release|Any CPU.Build.0 = Release|Any CPU
		{7761E1DB-5C6C-4353-9E2A-CD479AF5EEE7}.Debug|Any CPU.ActiveCfg = Debug|Any CPU
		{7761E1DB-5C6C-4353-9E2A-CD479AF5EEE7}.Debug|Any CPU.Build.0 = Debug|Any CPU
		{7761E1DB-5C6C-4353-9E2A-CD479AF5EEE7}.Release|Any CPU.ActiveCfg = Release|Any CPU
		{7761E1DB-5C6C-4353-9E2A-CD479AF5EEE7}.Release|Any CPU.Build.0 = Release|Any CPU
		{D9E21A22-285F-4092-B255-544607B358C4}.Debug|Any CPU.ActiveCfg = Debug|Any CPU
		{D9E21A22-285F-4092-B255-544607B358C4}.Debug|Any CPU.Build.0 = Debug|Any CPU
		{D9E21A22-285F-4092-B255-544607B358C4}.Release|Any CPU.ActiveCfg = Release|Any CPU
		{D9E21A22-285F-4092-B255-544607B358C4}.Release|Any CPU.Build.0 = Release|Any CPU
	EndGlobalSection
	GlobalSection(SolutionProperties) = preSolution
		HideSolutionNode = FALSE
	EndGlobalSection
	GlobalSection(NestedProjects) = preSolution
		{044DE341-433F-5702-4D82-2BB3FD3832E3} = {BC24E55E-7408-4D92-BC01-EE88B60DCA0E}
		{15ADFCBE-9B56-7B0A-7AE5-771D29B1F4C9} = {BC24E55E-7408-4D92-BC01-EE88B60DCA0E}
		{92C92FD4-253A-352A-CA1D-8ACA5E5F3868} = {BC24E55E-7408-4D92-BC01-EE88B60DCA0E}
		{FABC0CC8-7E79-3D9B-8D56-17C4207BB104} = {BC24E55E-7408-4D92-BC01-EE88B60DCA0E}
		{FEBF851F-917B-C45E-D2B8-7873FE9FDB40} = {BC24E55E-7408-4D92-BC01-EE88B60DCA0E}
		{4631A90A-9A04-42D4-8980-05F8D34C8449} = {83940C54-C029-457F-9F50-2FC3609BF2BC}
		{F35BF8D0-65AC-4D41-8A03-9848CF33672D} = {83940C54-C029-457F-9F50-2FC3609BF2BC}
		{E4B75CB6-3C2B-49A0-92A9-6D029E84E233} = {83940C54-C029-457F-9F50-2FC3609BF2BC}
		{B39C09E9-3AC2-45F4-A6EF-648A99473001} = {83940C54-C029-457F-9F50-2FC3609BF2BC}
		{AA98AB7E-BCF5-4394-9C21-3C92E6EF5B61} = {83940C54-C029-457F-9F50-2FC3609BF2BC}
		{7D519C29-70D4-4351-BF3D-7CBFB926B8C5} = {C05001E5-7925-40B5-A2E5-9C8A870A0F25}
		{31B61C24-3835-47A1-97C3-8F3F8BEF5FD2} = {C05001E5-7925-40B5-A2E5-9C8A870A0F25}
		{4E69E4A6-07D9-4460-8620-D7F4A2827F63} = {C05001E5-7925-40B5-A2E5-9C8A870A0F25}
		{9BE4FB1B-217D-4859-A905-54EE49EC42F3} = {C05001E5-7925-40B5-A2E5-9C8A870A0F25}
		{6F25A059-9A62-4D62-851E-A13878A7D853} = {C05001E5-7925-40B5-A2E5-9C8A870A0F25}
		{7761E1DB-5C6C-4353-9E2A-CD479AF5EEE7} = {EB24A253-4808-4CBF-87DC-B391A4A22565}
		{D9E21A22-285F-4092-B255-544607B358C4} = {B3CA8FEF-C0FE-418B-A32B-E1C3D1591B18}
	EndGlobalSection
	GlobalSection(ExtensibilityGlobals) = postSolution
		SolutionGuid = {C7E12146-4884-43C2-BA5C-1FE72A49EA7C}
	EndGlobalSection
EndGlobal
